
Microsoft Visual Studio Solution File, Format Version 12.00
# Visual Studio 15
VisualStudioVersion = 15.0.26730.16
MinimumVisualStudioVersion = 10.0.40219.1
Project("{2150E333-8FDC-42A3-9474-1A3956D46DE8}") = "0 - Service", "0 - Service", "{333351AE-707A-4B25-896F-181DACFD54DC}"
EndProject
Project("{2150E333-8FDC-42A3-9474-1A3956D46DE8}") = "1- Domain", "1- Domain", "{0435E93D-5F04-445B-97E0-D29216D2691F}"
EndProject
Project("{2150E333-8FDC-42A3-9474-1A3956D46DE8}") = "2-Infra", "2-Infra", "{0BB7DBAB-8EDB-4E45-8649-6AB7D984CF34}"
EndProject
Project("{2150E333-8FDC-42A3-9474-1A3956D46DE8}") = "1.1 - Entities", "1.1 - Entities", "{A5268E14-785E-4C56-8F64-920A8ED39DD7}"
EndProject
Project("{2150E333-8FDC-42A3-9474-1A3956D46DE8}") = "1.2 - Business", "1.2 - Business", "{02AE0029-5618-4A5E-B9CA-ACFA534446A7}"
EndProject
Project("{2150E333-8FDC-42A3-9474-1A3956D46DE8}") = "2.1 - Data", "2.1 - Data", "{5FA9EC52-5B71-4F6C-A8AC-15F7B82D42A9}"
EndProject
Project("{2150E333-8FDC-42A3-9474-1A3956D46DE8}") = "2.2 - CrossCuting", "2.2 - CrossCuting", "{37755D0A-2FAD-499F-A703-658321130377}"
EndProject
Project("{2150E333-8FDC-42A3-9474-1A3956D46DE8}") = "2.3  - DTO", "2.3  - DTO", "{8A164391-3760-44CD-856D-058E6032B808}"
EndProject
Project("{FAE04EC0-301F-11D3-BF4B-00C04F79EFBC}") = "EmprestaGame.Inject", "EmprestaGame.Inject\EmprestaGame.Inject.csproj", "{CDE3380B-A420-4419-B22E-C8E0EC01F6CF}"
EndProject
Project("{FAE04EC0-301F-11D3-BF4B-00C04F79EFBC}") = "EmprestaGame.Data", "EmprestaGame.Data\EmprestaGame.Data.csproj", "{3D6CBB5F-3703-42F3-AB71-BA18F7249B36}"
EndProject
Project("{FAE04EC0-301F-11D3-BF4B-00C04F79EFBC}") = "Entities", "Entities\Entities.csproj", "{5AC75CEA-4489-40AA-9C01-8BA1B641C26E}"
EndProject
Project("{FAE04EC0-301F-11D3-BF4B-00C04F79EFBC}") = "EmprestaGame.DTO", "DTO\EmprestaGame.DTO.csproj", "{D0D7AFC8-2468-4436-8148-86AA952AD823}"
EndProject
Project("{FAE04EC0-301F-11D3-BF4B-00C04F79EFBC}") = "EmprestaGame.Business", "EmprestaGame.Business\EmprestaGame.Business.csproj", "{573086D4-3350-4126-AB18-F733DF954AFB}"
EndProject
Project("{FAE04EC0-301F-11D3-BF4B-00C04F79EFBC}") = "EmprestaGame.API", "EmprestaGame.API\EmprestaGame.API.csproj", "{17321182-607D-49B2-A103-7895239E3CA6}"
EndProject
Global
	GlobalSection(SolutionConfigurationPlatforms) = preSolution
		Debug|Any CPU = Debug|Any CPU
		Release|Any CPU = Release|Any CPU
	EndGlobalSection
	GlobalSection(ProjectConfigurationPlatforms) = postSolution
		{CDE3380B-A420-4419-B22E-C8E0EC01F6CF}.Debug|Any CPU.ActiveCfg = Debug|Any CPU
		{CDE3380B-A420-4419-B22E-C8E0EC01F6CF}.Debug|Any CPU.Build.0 = Debug|Any CPU
		{CDE3380B-A420-4419-B22E-C8E0EC01F6CF}.Release|Any CPU.ActiveCfg = Release|Any CPU
		{CDE3380B-A420-4419-B22E-C8E0EC01F6CF}.Release|Any CPU.Build.0 = Release|Any CPU
		{3D6CBB5F-3703-42F3-AB71-BA18F7249B36}.Debug|Any CPU.ActiveCfg = Debug|Any CPU
		{3D6CBB5F-3703-42F3-AB71-BA18F7249B36}.Debug|Any CPU.Build.0 = Debug|Any CPU
		{3D6CBB5F-3703-42F3-AB71-BA18F7249B36}.Release|Any CPU.ActiveCfg = Release|Any CPU
		{3D6CBB5F-3703-42F3-AB71-BA18F7249B36}.Release|Any CPU.Build.0 = Release|Any CPU
		{5AC75CEA-4489-40AA-9C01-8BA1B641C26E}.Debug|Any CPU.ActiveCfg = Debug|Any CPU
		{5AC75CEA-4489-40AA-9C01-8BA1B641C26E}.Debug|Any CPU.Build.0 = Debug|Any CPU
		{5AC75CEA-4489-40AA-9C01-8BA1B641C26E}.Release|Any CPU.ActiveCfg = Release|Any CPU
		{5AC75CEA-4489-40AA-9C01-8BA1B641C26E}.Release|Any CPU.Build.0 = Release|Any CPU
		{D0D7AFC8-2468-4436-8148-86AA952AD823}.Debug|Any CPU.ActiveCfg = Debug|Any CPU
		{D0D7AFC8-2468-4436-8148-86AA952AD823}.Debug|Any CPU.Build.0 = Debug|Any CPU
		{D0D7AFC8-2468-4436-8148-86AA952AD823}.Release|Any CPU.ActiveCfg = Release|Any CPU
		{D0D7AFC8-2468-4436-8148-86AA952AD823}.Release|Any CPU.Build.0 = Release|Any CPU
		{573086D4-3350-4126-AB18-F733DF954AFB}.Debug|Any CPU.ActiveCfg = Debug|Any CPU
		{573086D4-3350-4126-AB18-F733DF954AFB}.Debug|Any CPU.Build.0 = Debug|Any CPU
		{573086D4-3350-4126-AB18-F733DF954AFB}.Release|Any CPU.ActiveCfg = Release|Any CPU
		{573086D4-3350-4126-AB18-F733DF954AFB}.Release|Any CPU.Build.0 = Release|Any CPU
		{17321182-607D-49B2-A103-7895239E3CA6}.Debug|Any CPU.ActiveCfg = Debug|Any CPU
		{17321182-607D-49B2-A103-7895239E3CA6}.Debug|Any CPU.Build.0 = Debug|Any CPU
		{17321182-607D-49B2-A103-7895239E3CA6}.Release|Any CPU.ActiveCfg = Release|Any CPU
		{17321182-607D-49B2-A103-7895239E3CA6}.Release|Any CPU.Build.0 = Release|Any CPU
	EndGlobalSection
	GlobalSection(SolutionProperties) = preSolution
		HideSolutionNode = FALSE
	EndGlobalSection
	GlobalSection(NestedProjects) = preSolution
		{A5268E14-785E-4C56-8F64-920A8ED39DD7} = {0435E93D-5F04-445B-97E0-D29216D2691F}
		{02AE0029-5618-4A5E-B9CA-ACFA534446A7} = {0435E93D-5F04-445B-97E0-D29216D2691F}
		{5FA9EC52-5B71-4F6C-A8AC-15F7B82D42A9} = {0BB7DBAB-8EDB-4E45-8649-6AB7D984CF34}
		{37755D0A-2FAD-499F-A703-658321130377} = {0BB7DBAB-8EDB-4E45-8649-6AB7D984CF34}
		{8A164391-3760-44CD-856D-058E6032B808} = {0BB7DBAB-8EDB-4E45-8649-6AB7D984CF34}
		{CDE3380B-A420-4419-B22E-C8E0EC01F6CF} = {37755D0A-2FAD-499F-A703-658321130377}
		{3D6CBB5F-3703-42F3-AB71-BA18F7249B36} = {5FA9EC52-5B71-4F6C-A8AC-15F7B82D42A9}
		{5AC75CEA-4489-40AA-9C01-8BA1B641C26E} = {A5268E14-785E-4C56-8F64-920A8ED39DD7}
		{D0D7AFC8-2468-4436-8148-86AA952AD823} = {8A164391-3760-44CD-856D-058E6032B808}
		{573086D4-3350-4126-AB18-F733DF954AFB} = {02AE0029-5618-4A5E-B9CA-ACFA534446A7}
		{17321182-607D-49B2-A103-7895239E3CA6} = {333351AE-707A-4B25-896F-181DACFD54DC}
	EndGlobalSection
	GlobalSection(ExtensibilityGlobals) = postSolution
		SolutionGuid = {4AF014E3-720F-40ED-A2B2-CB78D82067F9}
	EndGlobalSection
EndGlobal
